
Microsoft Visual Studio Solution File, Format Version 12.00
# Visual Studio Version 17
VisualStudioVersion = 17.0.31919.166
MinimumVisualStudioVersion = 10.0.40219.1
Project("{2150E333-8FDC-42A3-9474-1A3956D46DE8}") = "Solution Items", "Solution Items", "{3BF93150-7A50-4884-B236-2F5E90576A5D}"
	ProjectSection(SolutionItems) = preProject
		Note.md = Note.md
		..\..\..\Desktop\NoteSecond.md = ..\..\..\Desktop\NoteSecond.md
	EndProjectSection
EndProject
Project("{FAE04EC0-301F-11D3-BF4B-00C04F79EFBC}") = "BlazorSecond.Server", "BlazorSecond\Server\BlazorSecond.Server.csproj", "{C5B43B78-B01C-480C-BB01-DA2F6992BCC7}"
EndProject
Project("{FAE04EC0-301F-11D3-BF4B-00C04F79EFBC}") = "BlazorSecond.Client", "BlazorSecond\Client\BlazorSecond.Client.csproj", "{C526A37C-688F-4492-8EB2-F4768D0A40AF}"
EndProject
Project("{FAE04EC0-301F-11D3-BF4B-00C04F79EFBC}") = "BlazorSecond.Shared", "BlazorSecond\Shared\BlazorSecond.Shared.csproj", "{1771B4AB-9D31-4472-940B-EF6DB5AAFD5A}"
EndProject
Global
	GlobalSection(SolutionConfigurationPlatforms) = preSolution
		Debug|Any CPU = Debug|Any CPU
		Release|Any CPU = Release|Any CPU
	EndGlobalSection
	GlobalSection(ProjectConfigurationPlatforms) = postSolution
		{C5B43B78-B01C-480C-BB01-DA2F6992BCC7}.Debug|Any CPU.ActiveCfg = Debug|Any CPU
		{C5B43B78-B01C-480C-BB01-DA2F6992BCC7}.Debug|Any CPU.Build.0 = Debug|Any CPU
		{C5B43B78-B01C-480C-BB01-DA2F6992BCC7}.Release|Any CPU.ActiveCfg = Release|Any CPU
		{C5B43B78-B01C-480C-BB01-DA2F6992BCC7}.Release|Any CPU.Build.0 = Release|Any CPU
		{C526A37C-688F-4492-8EB2-F4768D0A40AF}.Debug|Any CPU.ActiveCfg = Debug|Any CPU
		{C526A37C-688F-4492-8EB2-F4768D0A40AF}.Debug|Any CPU.Build.0 = Debug|Any CPU
		{C526A37C-688F-4492-8EB2-F4768D0A40AF}.Release|Any CPU.ActiveCfg = Release|Any CPU
		{C526A37C-688F-4492-8EB2-F4768D0A40AF}.Release|Any CPU.Build.0 = Release|Any CPU
		{1771B4AB-9D31-4472-940B-EF6DB5AAFD5A}.Debug|Any CPU.ActiveCfg = Debug|Any CPU
		{1771B4AB-9D31-4472-940B-EF6DB5AAFD5A}.Debug|Any CPU.Build.0 = Debug|Any CPU
		{1771B4AB-9D31-4472-940B-EF6DB5AAFD5A}.Release|Any CPU.ActiveCfg = Release|Any CPU
		{1771B4AB-9D31-4472-940B-EF6DB5AAFD5A}.Release|Any CPU.Build.0 = Release|Any CPU
	EndGlobalSection
	GlobalSection(SolutionProperties) = preSolution
		HideSolutionNode = FALSE
	EndGlobalSection
	GlobalSection(ExtensibilityGlobals) = postSolution
		SolutionGuid = {F5A90F1D-3D4D-4711-9906-5098F9215F85}
	EndGlobalSection
EndGlobal
