
Microsoft Visual Studio Solution File, Format Version 12.00
# Visual Studio Version 17
VisualStudioVersion = 17.0.31919.166
MinimumVisualStudioVersion = 10.0.40219.1
Project("{9A19103F-16F7-4668-BE54-9A1E7A4F7556}") = "BlazorReRe.Server", "BlazorReRe\Server\BlazorReRe.Server.csproj", "{E8A4617B-B0B2-4AAE-8E39-6EDA1FE2C54B}"
EndProject
Project("{9A19103F-16F7-4668-BE54-9A1E7A4F7556}") = "BlazorReRe.Client", "BlazorReRe\Client\BlazorReRe.Client.csproj", "{A225BEC1-57CF-446B-B333-2D2F0C14A296}"
EndProject
Project("{9A19103F-16F7-4668-BE54-9A1E7A4F7556}") = "BlazorReRe.Shared", "BlazorReRe\Shared\BlazorReRe.Shared.csproj", "{B397E7A4-3D14-41CF-B48E-979C3D98F866}"
EndProject
Project("{2150E333-8FDC-42A3-9474-1A3956D46DE8}") = "Solution Items", "Solution Items", "{3BF93150-7A50-4884-B236-2F5E90576A5D}"
	ProjectSection(SolutionItems) = preProject
		Note.md = Note.md
	EndProjectSection
EndProject
Project("{9A19103F-16F7-4668-BE54-9A1E7A4F7556}") = "Infrastructure", "Infrastructure\Infrastructure.csproj", "{70972DB5-A1B1-4955-8169-F5355A191255}"
EndProject
Project("{9A19103F-16F7-4668-BE54-9A1E7A4F7556}") = "Domain", "Domain\Domain.csproj", "{EE8F67EC-B6E8-4043-BBC7-A7122B97B6FD}"
EndProject
Global
	GlobalSection(SolutionConfigurationPlatforms) = preSolution
		Debug|Any CPU = Debug|Any CPU
		Release|Any CPU = Release|Any CPU
	EndGlobalSection
	GlobalSection(ProjectConfigurationPlatforms) = postSolution
		{E8A4617B-B0B2-4AAE-8E39-6EDA1FE2C54B}.Debug|Any CPU.ActiveCfg = Debug|Any CPU
		{E8A4617B-B0B2-4AAE-8E39-6EDA1FE2C54B}.Debug|Any CPU.Build.0 = Debug|Any CPU
		{E8A4617B-B0B2-4AAE-8E39-6EDA1FE2C54B}.Release|Any CPU.ActiveCfg = Release|Any CPU
		{E8A4617B-B0B2-4AAE-8E39-6EDA1FE2C54B}.Release|Any CPU.Build.0 = Release|Any CPU
		{A225BEC1-57CF-446B-B333-2D2F0C14A296}.Debug|Any CPU.ActiveCfg = Debug|Any CPU
		{A225BEC1-57CF-446B-B333-2D2F0C14A296}.Debug|Any CPU.Build.0 = Debug|Any CPU
		{A225BEC1-57CF-446B-B333-2D2F0C14A296}.Release|Any CPU.ActiveCfg = Release|Any CPU
		{A225BEC1-57CF-446B-B333-2D2F0C14A296}.Release|Any CPU.Build.0 = Release|Any CPU
		{B397E7A4-3D14-41CF-B48E-979C3D98F866}.Debug|Any CPU.ActiveCfg = Debug|Any CPU
		{B397E7A4-3D14-41CF-B48E-979C3D98F866}.Debug|Any CPU.Build.0 = Debug|Any CPU
		{B397E7A4-3D14-41CF-B48E-979C3D98F866}.Release|Any CPU.ActiveCfg = Release|Any CPU
		{B397E7A4-3D14-41CF-B48E-979C3D98F866}.Release|Any CPU.Build.0 = Release|Any CPU
		{70972DB5-A1B1-4955-8169-F5355A191255}.Debug|Any CPU.ActiveCfg = Debug|Any CPU
		{70972DB5-A1B1-4955-8169-F5355A191255}.Debug|Any CPU.Build.0 = Debug|Any CPU
		{70972DB5-A1B1-4955-8169-F5355A191255}.Release|Any CPU.ActiveCfg = Release|Any CPU
		{70972DB5-A1B1-4955-8169-F5355A191255}.Release|Any CPU.Build.0 = Release|Any CPU
		{EE8F67EC-B6E8-4043-BBC7-A7122B97B6FD}.Debug|Any CPU.ActiveCfg = Debug|Any CPU
		{EE8F67EC-B6E8-4043-BBC7-A7122B97B6FD}.Debug|Any CPU.Build.0 = Debug|Any CPU
		{EE8F67EC-B6E8-4043-BBC7-A7122B97B6FD}.Release|Any CPU.ActiveCfg = Release|Any CPU
		{EE8F67EC-B6E8-4043-BBC7-A7122B97B6FD}.Release|Any CPU.Build.0 = Release|Any CPU
	EndGlobalSection
	GlobalSection(SolutionProperties) = preSolution
		HideSolutionNode = FALSE
	EndGlobalSection
	GlobalSection(ExtensibilityGlobals) = postSolution
		SolutionGuid = {F5A90F1D-3D4D-4711-9906-5098F9215F85}
	EndGlobalSection
EndGlobal
